// !$*UTF8*$!
{
	archiveVersion = 1;
	classes = {
	};
	objectVersion = 56;
	objects = {

/* Begin PBXBuildFile section */
		2B3FC53E290A41580076DF0D /* AppDelegate.swift in Sources */ = {isa = PBXBuildFile; fileRef = 2B3FC53D290A41580076DF0D /* AppDelegate.swift */; };
		2B3FC540290A41580076DF0D /* SceneDelegate.swift in Sources */ = {isa = PBXBuildFile; fileRef = 2B3FC53F290A41580076DF0D /* SceneDelegate.swift */; };
		2B3FC542290A41580076DF0D /* ViewController.swift in Sources */ = {isa = PBXBuildFile; fileRef = 2B3FC541290A41580076DF0D /* ViewController.swift */; };
		2B3FC545290A41580076DF0D /* Main.storyboard in Resources */ = {isa = PBXBuildFile; fileRef = 2B3FC543290A41580076DF0D /* Main.storyboard */; };
		2B3FC547290A415B0076DF0D /* Assets.xcassets in Resources */ = {isa = PBXBuildFile; fileRef = 2B3FC546290A415B0076DF0D /* Assets.xcassets */; };
		2B3FC54A290A415B0076DF0D /* LaunchScreen.storyboard in Resources */ = {isa = PBXBuildFile; fileRef = 2B3FC548290A415B0076DF0D /* LaunchScreen.storyboard */; };
		2B3FC552290A42CC0076DF0D /* .gitignore in Resources */ = {isa = PBXBuildFile; fileRef = 2B3FC551290A42CC0076DF0D /* .gitignore */; };
		2B3FC5B8290BC5340076DF0D /* CharacterDetailsViewController.swift in Sources */ = {isa = PBXBuildFile; fileRef = 2B3FC5B7290BC5340076DF0D /* CharacterDetailsViewController.swift */; };
		2B3FC5BA290BC6660076DF0D /* CharacterModel.swift in Sources */ = {isa = PBXBuildFile; fileRef = 2B3FC5B9290BC6660076DF0D /* CharacterModel.swift */; };
		2B3FC5BC290BC7540076DF0D /* CharacterController.swift in Sources */ = {isa = PBXBuildFile; fileRef = 2B3FC5BB290BC7540076DF0D /* CharacterController.swift */; };
/* End PBXBuildFile section */

/* Begin PBXFileReference section */
		2B3FC53A290A41580076DF0D /* Realm of Magic.app */ = {isa = PBXFileReference; explicitFileType = wrapper.application; includeInIndex = 0; path = "Realm of Magic.app"; sourceTree = BUILT_PRODUCTS_DIR; };
		2B3FC53D290A41580076DF0D /* AppDelegate.swift */ = {isa = PBXFileReference; lastKnownFileType = sourcecode.swift; path = AppDelegate.swift; sourceTree = "<group>"; };
		2B3FC53F290A41580076DF0D /* SceneDelegate.swift */ = {isa = PBXFileReference; lastKnownFileType = sourcecode.swift; path = SceneDelegate.swift; sourceTree = "<group>"; };
		2B3FC541290A41580076DF0D /* ViewController.swift */ = {isa = PBXFileReference; lastKnownFileType = sourcecode.swift; path = ViewController.swift; sourceTree = "<group>"; };
		2B3FC544290A41580076DF0D /* Base */ = {isa = PBXFileReference; lastKnownFileType = file.storyboard; name = Base; path = Base.lproj/Main.storyboard; sourceTree = "<group>"; };
		2B3FC546290A415B0076DF0D /* Assets.xcassets */ = {isa = PBXFileReference; lastKnownFileType = folder.assetcatalog; path = Assets.xcassets; sourceTree = "<group>"; };
		2B3FC549290A415B0076DF0D /* Base */ = {isa = PBXFileReference; lastKnownFileType = file.storyboard; name = Base; path = Base.lproj/LaunchScreen.storyboard; sourceTree = "<group>"; };
		2B3FC54B290A415B0076DF0D /* Info.plist */ = {isa = PBXFileReference; lastKnownFileType = text.plist.xml; path = Info.plist; sourceTree = "<group>"; };
		2B3FC551290A42CC0076DF0D /* .gitignore */ = {isa = PBXFileReference; lastKnownFileType = text; path = .gitignore; sourceTree = "<group>"; };
		2B3FC5B7290BC5340076DF0D /* CharacterDetailsViewController.swift */ = {isa = PBXFileReference; lastKnownFileType = sourcecode.swift; path = CharacterDetailsViewController.swift; sourceTree = "<group>"; };
		2B3FC5B9290BC6660076DF0D /* CharacterModel.swift */ = {isa = PBXFileReference; lastKnownFileType = sourcecode.swift; path = CharacterModel.swift; sourceTree = "<group>"; };
		2B3FC5BB290BC7540076DF0D /* CharacterController.swift */ = {isa = PBXFileReference; lastKnownFileType = sourcecode.swift; path = CharacterController.swift; sourceTree = "<group>"; };
/* End PBXFileReference section */

/* Begin PBXFrameworksBuildPhase section */
		2B3FC537290A41580076DF0D /* Frameworks */ = {
			isa = PBXFrameworksBuildPhase;
			buildActionMask = 2147483647;
			files = (
			);
			runOnlyForDeploymentPostprocessing = 0;
		};
/* End PBXFrameworksBuildPhase section */

/* Begin PBXGroup section */
		2B3FC531290A41580076DF0D = {
			isa = PBXGroup;
			children = (
				2B3FC5BB290BC7540076DF0D /* CharacterController.swift */,
				2B3FC5B9290BC6660076DF0D /* CharacterModel.swift */,
				2B3FC5B7290BC5340076DF0D /* CharacterDetailsViewController.swift */,
				2B3FC551290A42CC0076DF0D /* .gitignore */,
				2B3FC53C290A41580076DF0D /* Realm of Magic */,
				2B3FC53B290A41580076DF0D /* Products */,
			);
			sourceTree = "<group>";
		};
		2B3FC53B290A41580076DF0D /* Products */ = {
			isa = PBXGroup;
			children = (
				2B3FC53A290A41580076DF0D /* Realm of Magic.app */,
			);
			name = Products;
			sourceTree = "<group>";
		};
		2B3FC53C290A41580076DF0D /* Realm of Magic */ = {
			isa = PBXGroup;
			children = (
				2B3FC53D290A41580076DF0D /* AppDelegate.swift */,
				2B3FC53F290A41580076DF0D /* SceneDelegate.swift */,
				2B3FC541290A41580076DF0D /* ViewController.swift */,
				2B3FC543290A41580076DF0D /* Main.storyboard */,
				2B3FC546290A415B0076DF0D /* Assets.xcassets */,
				2B3FC548290A415B0076DF0D /* LaunchScreen.storyboard */,
				2B3FC54B290A415B0076DF0D /* Info.plist */,
			);
			path = "Realm of Magic";
			sourceTree = "<group>";
		};
/* End PBXGroup section */

/* Begin PBXNativeTarget section */
		2B3FC539290A41580076DF0D /* Realm of Magic */ = {
			isa = PBXNativeTarget;
			buildConfigurationList = 2B3FC54E290A415B0076DF0D /* Build configuration list for PBXNativeTarget "Realm of Magic" */;
			buildPhases = (
				2B3FC536290A41580076DF0D /* Sources */,
				2B3FC537290A41580076DF0D /* Frameworks */,
				2B3FC538290A41580076DF0D /* Resources */,
			);
			buildRules = (
			);
			dependencies = (
			);
			name = "Realm of Magic";
			productName = "Realm of Magic";
			productReference = 2B3FC53A290A41580076DF0D /* Realm of Magic.app */;
			productType = "com.apple.product-type.application";
		};
/* End PBXNativeTarget section */

/* Begin PBXProject section */
		2B3FC532290A41580076DF0D /* Project object */ = {
			isa = PBXProject;
			attributes = {
				BuildIndependentTargetsInParallel = 1;
				LastSwiftUpdateCheck = 1410;
				LastUpgradeCheck = 1410;
				TargetAttributes = {
					2B3FC539290A41580076DF0D = {
						CreatedOnToolsVersion = 14.1;
					};
				};
			};
			buildConfigurationList = 2B3FC535290A41580076DF0D /* Build configuration list for PBXProject "Realm of Magic" */;
			compatibilityVersion = "Xcode 14.0";
			developmentRegion = en;
			hasScannedForEncodings = 0;
			knownRegions = (
				en,
				Base,
			);
			mainGroup = 2B3FC531290A41580076DF0D;
			productRefGroup = 2B3FC53B290A41580076DF0D /* Products */;
			projectDirPath = "";
			projectRoot = "";
			targets = (
				2B3FC539290A41580076DF0D /* Realm of Magic */,
			);
		};
/* End PBXProject section */

/* Begin PBXResourcesBuildPhase section */
		2B3FC538290A41580076DF0D /* Resources */ = {
			isa = PBXResourcesBuildPhase;
			buildActionMask = 2147483647;
			files = (
				2B3FC552290A42CC0076DF0D /* .gitignore in Resources */,
				2B3FC54A290A415B0076DF0D /* LaunchScreen.storyboard in Resources */,
				2B3FC547290A415B0076DF0D /* Assets.xcassets in Resources */,
				2B3FC545290A41580076DF0D /* Main.storyboard in Resources */,
			);
			runOnlyForDeploymentPostprocessing = 0;
		};
/* End PBXResourcesBuildPhase section */

/* Begin PBXSourcesBuildPhase section */
		2B3FC536290A41580076DF0D /* Sources */ = {
			isa = PBXSourcesBuildPhase;
			buildActionMask = 2147483647;
			files = (
				2B3FC542290A41580076DF0D /* ViewController.swift in Sources */,
				2B3FC5BC290BC7540076DF0D /* CharacterController.swift in Sources */,
				2B3FC5BA290BC6660076DF0D /* CharacterModel.swift in Sources */,
				2B3FC5B8290BC5340076DF0D /* CharacterDetailsViewController.swift in Sources */,
				2B3FC53E290A41580076DF0D /* AppDelegate.swift in Sources */,
				2B3FC540290A41580076DF0D /* SceneDelegate.swift in Sources */,
			);
			runOnlyForDeploymentPostprocessing = 0;
		};
/* End PBXSourcesBuildPhase section */

/* Begin PBXVariantGroup section */
		2B3FC543290A41580076DF0D /* Main.storyboard */ = {
			isa = PBXVariantGroup;
			children = (
				2B3FC544290A41580076DF0D /* Base */,
			);
			name = Main.storyboard;
			sourceTree = "<group>";
		};
		2B3FC548290A415B0076DF0D /* LaunchScreen.storyboard */ = {
			isa = PBXVariantGroup;
			children = (
				2B3FC549290A415B0076DF0D /* Base */,
			);
			name = LaunchScreen.storyboard;
			sourceTree = "<group>";
		};
/* End PBXVariantGroup section */

/* Begin XCBuildConfiguration section */
		2B3FC54C290A415B0076DF0D /* Debug */ = {
			isa = XCBuildConfiguration;
			buildSettings = {
				ALWAYS_SEARCH_USER_PATHS = NO;
				CLANG_ANALYZER_NONNULL = YES;
				CLANG_ANALYZER_NUMBER_OBJECT_CONVERSION = YES_AGGRESSIVE;
				CLANG_CXX_LANGUAGE_STANDARD = "gnu++20";
				CLANG_ENABLE_MODULES = YES;
				CLANG_ENABLE_OBJC_ARC = YES;
				CLANG_ENABLE_OBJC_WEAK = YES;
				CLANG_WARN_BLOCK_CAPTURE_AUTORELEASING = YES;
				CLANG_WARN_BOOL_CONVERSION = YES;
				CLANG_WARN_COMMA = YES;
				CLANG_WARN_CONSTANT_CONVERSION = YES;
				CLANG_WARN_DEPRECATED_OBJC_IMPLEMENTATIONS = YES;
				CLANG_WARN_DIRECT_OBJC_ISA_USAGE = YES_ERROR;
				CLANG_WARN_DOCUMENTATION_COMMENTS = YES;
				CLANG_WARN_EMPTY_BODY = YES;
				CLANG_WARN_ENUM_CONVERSION = YES;
				CLANG_WARN_INFINITE_RECURSION = YES;
				CLANG_WARN_INT_CONVERSION = YES;
				CLANG_WARN_NON_LITERAL_NULL_CONVERSION = YES;
				CLANG_WARN_OBJC_IMPLICIT_RETAIN_SELF = YES;
				CLANG_WARN_OBJC_LITERAL_CONVERSION = YES;
				CLANG_WARN_OBJC_ROOT_CLASS = YES_ERROR;
				CLANG_WARN_QUOTED_INCLUDE_IN_FRAMEWORK_HEADER = YES;
				CLANG_WARN_RANGE_LOOP_ANALYSIS = YES;
				CLANG_WARN_STRICT_PROTOTYPES = YES;
				CLANG_WARN_SUSPICIOUS_MOVE = YES;
				CLANG_WARN_UNGUARDED_AVAILABILITY = YES_AGGRESSIVE;
				CLANG_WARN_UNREACHABLE_CODE = YES;
				CLANG_WARN__DUPLICATE_METHOD_MATCH = YES;
				COPY_PHASE_STRIP = NO;
				DEBUG_INFORMATION_FORMAT = dwarf;
				ENABLE_STRICT_OBJC_MSGSEND = YES;
				ENABLE_TESTABILITY = YES;
				GCC_C_LANGUAGE_STANDARD = gnu11;
				GCC_DYNAMIC_NO_PIC = NO;
				GCC_NO_COMMON_BLOCKS = YES;
				GCC_OPTIMIZATION_LEVEL = 0;
				GCC_PREPROCESSOR_DEFINITIONS = (
					"DEBUG=1",
					"$(inherited)",
				);
				GCC_WARN_64_TO_32_BIT_CONVERSION = YES;
				GCC_WARN_ABOUT_RETURN_TYPE = YES_ERROR;
				GCC_WARN_UNDECLARED_SELECTOR = YES;
				GCC_WARN_UNINITIALIZED_AUTOS = YES_AGGRESSIVE;
				GCC_WARN_UNUSED_FUNCTION = YES;
				GCC_WARN_UNUSED_VARIABLE = YES;
				IPHONEOS_DEPLOYMENT_TARGET = 16.1;
				MTL_ENABLE_DEBUG_INFO = INCLUDE_SOURCE;
				MTL_FAST_MATH = YES;
				ONLY_ACTIVE_ARCH = YES;
				SDKROOT = iphoneos;
				SWIFT_ACTIVE_COMPILATION_CONDITIONS = DEBUG;
				SWIFT_OPTIMIZATION_LEVEL = "-Onone";
			};
			name = Debug;
		};
		2B3FC54D290A415B0076DF0D /* Release */ = {
			isa = XCBuildConfiguration;
			buildSettings = {
				ALWAYS_SEARCH_USER_PATHS = NO;
				CLANG_ANALYZER_NONNULL = YES;
				CLANG_ANALYZER_NUMBER_OBJECT_CONVERSION = YES_AGGRESSIVE;
				CLANG_CXX_LANGUAGE_STANDARD = "gnu++20";
				CLANG_ENABLE_MODULES = YES;
				CLANG_ENABLE_OBJC_ARC = YES;
				CLANG_ENABLE_OBJC_WEAK = YES;
				CLANG_WARN_BLOCK_CAPTURE_AUTORELEASING = YES;
				CLANG_WARN_BOOL_CONVERSION = YES;
				CLANG_WARN_COMMA = YES;
				CLANG_WARN_CONSTANT_CONVERSION = YES;
				CLANG_WARN_DEPRECATED_OBJC_IMPLEMENTATIONS = YES;
				CLANG_WARN_DIRECT_OBJC_ISA_USAGE = YES_ERROR;
				CLANG_WARN_DOCUMENTATION_COMMENTS = YES;
				CLANG_WARN_EMPTY_BODY = YES;
				CLANG_WARN_ENUM_CONVERSION = YES;
				CLANG_WARN_INFINITE_RECURSION = YES;
				CLANG_WARN_INT_CONVERSION = YES;
				CLANG_WARN_NON_LITERAL_NULL_CONVERSION = YES;
				CLANG_WARN_OBJC_IMPLICIT_RETAIN_SELF = YES;
				CLANG_WARN_OBJC_LITERAL_CONVERSION = YES;
				CLANG_WARN_OBJC_ROOT_CLASS = YES_ERROR;
				CLANG_WARN_QUOTED_INCLUDE_IN_FRAMEWORK_HEADER = YES;
				CLANG_WARN_RANGE_LOOP_ANALYSIS = YES;
				CLANG_WARN_STRICT_PROTOTYPES = YES;
				CLANG_WARN_SUSPICIOUS_MOVE = YES;
				CLANG_WARN_UNGUARDED_AVAILABILITY = YES_AGGRESSIVE;
				CLANG_WARN_UNREACHABLE_CODE = YES;
				CLANG_WARN__DUPLICATE_METHOD_MATCH = YES;
				COPY_PHASE_STRIP = NO;
				DEBUG_INFORMATION_FORMAT = "dwarf-with-dsym";
				ENABLE_NS_ASSERTIONS = NO;
				ENABLE_STRICT_OBJC_MSGSEND = YES;
				GCC_C_LANGUAGE_STANDARD = gnu11;
				GCC_NO_COMMON_BLOCKS = YES;
				GCC_WARN_64_TO_32_BIT_CONVERSION = YES;
				GCC_WARN_ABOUT_RETURN_TYPE = YES_ERROR;
				GCC_WARN_UNDECLARED_SELECTOR = YES;
				GCC_WARN_UNINITIALIZED_AUTOS = YES_AGGRESSIVE;
				GCC_WARN_UNUSED_FUNCTION = YES;
				GCC_WARN_UNUSED_VARIABLE = YES;
				IPHONEOS_DEPLOYMENT_TARGET = 16.1;
				MTL_ENABLE_DEBUG_INFO = NO;
				MTL_FAST_MATH = YES;
				SDKROOT = iphoneos;
				SWIFT_COMPILATION_MODE = wholemodule;
				SWIFT_OPTIMIZATION_LEVEL = "-O";
				VALIDATE_PRODUCT = YES;
			};
			name = Release;
		};
		2B3FC54F290A415B0076DF0D /* Debug */ = {
			isa = XCBuildConfiguration;
			buildSettings = {
				ASSETCATALOG_COMPILER_APPICON_NAME = AppIcon;
				ASSETCATALOG_COMPILER_GLOBAL_ACCENT_COLOR_NAME = AccentColor;
				CODE_SIGN_STYLE = Automatic;
				CURRENT_PROJECT_VERSION = 1;
				DEVELOPMENT_TEAM = MUV3A7R788;
				GENERATE_INFOPLIST_FILE = YES;
				INFOPLIST_FILE = "Realm of Magic/Info.plist";
				INFOPLIST_KEY_UIApplicationSupportsIndirectInputEvents = YES;
				INFOPLIST_KEY_UILaunchStoryboardName = LaunchScreen;
				INFOPLIST_KEY_UIMainStoryboardFile = Main;
				INFOPLIST_KEY_UISupportedInterfaceOrientations_iPad = "UIInterfaceOrientationPortrait UIInterfaceOrientationPortraitUpsideDown UIInterfaceOrientationLandscapeLeft UIInterfaceOrientationLandscapeRight";
				INFOPLIST_KEY_UISupportedInterfaceOrientations_iPhone = "UIInterfaceOrientationPortrait UIInterfaceOrientationLandscapeLeft UIInterfaceOrientationLandscapeRight";
				LD_RUNPATH_SEARCH_PATHS = (
					"$(inherited)",
					"@executable_path/Frameworks",
				);
				MARKETING_VERSION = 1.0;
				PRODUCT_BUNDLE_IDENTIFIER = "com.timsonner.Realm-of-Magic";
				PRODUCT_NAME = "$(TARGET_NAME)";
				SWIFT_EMIT_LOC_STRINGS = YES;
				SWIFT_VERSION = 5.0;
				TARGETED_DEVICE_FAMILY = "1,2";
			};
			name = Debug;
		};
		2B3FC550290A415B0076DF0D /* Release */ = {
			isa = XCBuildConfiguration;
			buildSettings = {
				ASSETCATALOG_COMPILER_APPICON_NAME = AppIcon;
				ASSETCATALOG_COMPILER_GLOBAL_ACCENT_COLOR_NAME = AccentColor;
				CODE_SIGN_STYLE = Automatic;
				CURRENT_PROJECT_VERSION = 1;
				DEVELOPMENT_TEAM = MUV3A7R788;
				GENERATE_INFOPLIST_FILE = YES;
				INFOPLIST_FILE = "Realm of Magic/Info.plist";
				INFOPLIST_KEY_UIApplicationSupportsIndirectInputEvents = YES;
				INFOPLIST_KEY_UILaunchStoryboardName = LaunchScreen;
				INFOPLIST_KEY_UIMainStoryboardFile = Main;
				INFOPLIST_KEY_UISupportedInterfaceOrientations_iPad = "UIInterfaceOrientationPortrait UIInterfaceOrientationPortraitUpsideDown UIInterfaceOrientationLandscapeLeft UIInterfaceOrientationLandscapeRight";
				INFOPLIST_KEY_UISupportedInterfaceOrientations_iPhone = "UIInterfaceOrientationPortrait UIInterfaceOrientationLandscapeLeft UIInterfaceOrientationLandscapeRight";
				LD_RUNPATH_SEARCH_PATHS = (
					"$(inherited)",
					"@executable_path/Frameworks",
				);
				MARKETING_VERSION = 1.0;
				PRODUCT_BUNDLE_IDENTIFIER = "com.timsonner.Realm-of-Magic";
				PRODUCT_NAME = "$(TARGET_NAME)";
				SWIFT_EMIT_LOC_STRINGS = YES;
				SWIFT_VERSION = 5.0;
				TARGETED_DEVICE_FAMILY = "1,2";
			};
			name = Release;
		};
/* End XCBuildConfiguration section */

/* Begin XCConfigurationList section */
		2B3FC535290A41580076DF0D /* Build configuration list for PBXProject "Realm of Magic" */ = {
			isa = XCConfigurationList;
			buildConfigurations = (
				2B3FC54C290A415B0076DF0D /* Debug */,
				2B3FC54D290A415B0076DF0D /* Release */,
			);
			defaultConfigurationIsVisible = 0;
			defaultConfigurationName = Release;
		};
		2B3FC54E290A415B0076DF0D /* Build configuration list for PBXNativeTarget "Realm of Magic" */ = {
			isa = XCConfigurationList;
			buildConfigurations = (
				2B3FC54F290A415B0076DF0D /* Debug */,
				2B3FC550290A415B0076DF0D /* Release */,
			);
			defaultConfigurationIsVisible = 0;
			defaultConfigurationName = Release;
		};
/* End XCConfigurationList section */
	};
	rootObject = 2B3FC532290A41580076DF0D /* Project object */;
}
